
Microsoft Visual Studio Solution File, Format Version 12.00
# Visual Studio 15
VisualStudioVersion = 15.0.28010.2026
MinimumVisualStudioVersion = 10.0.40219.1
Project("{9A19103F-16F7-4668-BE54-9A1E7A4F7556}") = "CastleWindsor.Installation", "CastleWindsor.Installation\CastleWindsor.Installation.csproj", "{97188561-5027-4841-9732-36EFA6DB71C7}"
EndProject
Project("{2150E333-8FDC-42A3-9474-1A3956D46DE8}") = "Examples", "Examples", "{A8846EDA-8588-42B6-B896-9D0C68A7ACF1}"
EndProject
Project("{FAE04EC0-301F-11D3-BF4B-00C04F79EFBC}") = "Customer.CountryRoad", "Customer.CountryRoad\Customer.CountryRoad.csproj", "{C696F0C0-F104-46E5-AD41-372AF38583DE}"
EndProject
Project("{FAE04EC0-301F-11D3-BF4B-00C04F79EFBC}") = "Customer.Yoplait", "Customer.Yoplait\Customer.Yoplait.csproj", "{EC14EC43-0E65-4471-9490-9FA5A9613AA9}"
EndProject
Project("{2150E333-8FDC-42A3-9474-1A3956D46DE8}") = "MultiTenancy", "MultiTenancy", "{E38DAFA6-5518-4E6F-8D71-F4FE07B316A9}"
EndProject
Project("{2150E333-8FDC-42A3-9474-1A3956D46DE8}") = "ServiceBackend", "ServiceBackend", "{AA998B8F-409A-4603-A224-3CF5C11838C1}"
EndProject
Project("{FAE04EC0-301F-11D3-BF4B-00C04F79EFBC}") = "MT-AppRunner", "MT-AppRunner\MT-AppRunner.csproj", "{E4274445-6EE1-4894-9215-F9405472CDC6}"
EndProject
Project("{9A19103F-16F7-4668-BE54-9A1E7A4F7556}") = "SB-AppRunner", "SB-AppRunner\SB-AppRunner.csproj", "{861DE921-71EA-41A8-B067-E3287F0E0DE1}"
EndProject
Project("{FAE04EC0-301F-11D3-BF4B-00C04F79EFBC}") = "ServiceBackend.Interfaces", "ServiceBackend.Interfaces\ServiceBackend.Interfaces.csproj", "{E0F67A59-6841-4475-8533-F4534DB36ED3}"
EndProject
Project("{FAE04EC0-301F-11D3-BF4B-00C04F79EFBC}") = "ServiceBackend.Implementation", "ServiceBackend.Implementation\ServiceBackend.Implementation.csproj", "{8565B83D-02D4-4C7C-A3C0-B3106505D3DF}"
EndProject
Project("{FAE04EC0-301F-11D3-BF4B-00C04F79EFBC}") = "ServiceBackend.CustomerImplemenation", "ServiceBackend.CustomerImplemenation\ServiceBackend.CustomerImplemenation.csproj", "{3ADE7AA5-780B-402D-97FA-748294FCECD5}"
EndProject
Global
	GlobalSection(SolutionConfigurationPlatforms) = preSolution
		Debug|Any CPU = Debug|Any CPU
		Release|Any CPU = Release|Any CPU
	EndGlobalSection
	GlobalSection(ProjectConfigurationPlatforms) = postSolution
		{97188561-5027-4841-9732-36EFA6DB71C7}.Debug|Any CPU.ActiveCfg = Debug|Any CPU
		{97188561-5027-4841-9732-36EFA6DB71C7}.Debug|Any CPU.Build.0 = Debug|Any CPU
		{97188561-5027-4841-9732-36EFA6DB71C7}.Release|Any CPU.ActiveCfg = Release|Any CPU
		{97188561-5027-4841-9732-36EFA6DB71C7}.Release|Any CPU.Build.0 = Release|Any CPU
		{C696F0C0-F104-46E5-AD41-372AF38583DE}.Debug|Any CPU.ActiveCfg = Debug|Any CPU
		{C696F0C0-F104-46E5-AD41-372AF38583DE}.Debug|Any CPU.Build.0 = Debug|Any CPU
		{C696F0C0-F104-46E5-AD41-372AF38583DE}.Release|Any CPU.ActiveCfg = Release|Any CPU
		{C696F0C0-F104-46E5-AD41-372AF38583DE}.Release|Any CPU.Build.0 = Release|Any CPU
		{EC14EC43-0E65-4471-9490-9FA5A9613AA9}.Debug|Any CPU.ActiveCfg = Debug|Any CPU
		{EC14EC43-0E65-4471-9490-9FA5A9613AA9}.Debug|Any CPU.Build.0 = Debug|Any CPU
		{EC14EC43-0E65-4471-9490-9FA5A9613AA9}.Release|Any CPU.ActiveCfg = Release|Any CPU
		{EC14EC43-0E65-4471-9490-9FA5A9613AA9}.Release|Any CPU.Build.0 = Release|Any CPU
		{E4274445-6EE1-4894-9215-F9405472CDC6}.Debug|Any CPU.ActiveCfg = Debug|Any CPU
		{E4274445-6EE1-4894-9215-F9405472CDC6}.Debug|Any CPU.Build.0 = Debug|Any CPU
		{E4274445-6EE1-4894-9215-F9405472CDC6}.Release|Any CPU.ActiveCfg = Release|Any CPU
		{E4274445-6EE1-4894-9215-F9405472CDC6}.Release|Any CPU.Build.0 = Release|Any CPU
		{861DE921-71EA-41A8-B067-E3287F0E0DE1}.Debug|Any CPU.ActiveCfg = Debug|Any CPU
		{861DE921-71EA-41A8-B067-E3287F0E0DE1}.Debug|Any CPU.Build.0 = Debug|Any CPU
		{861DE921-71EA-41A8-B067-E3287F0E0DE1}.Release|Any CPU.ActiveCfg = Release|Any CPU
		{861DE921-71EA-41A8-B067-E3287F0E0DE1}.Release|Any CPU.Build.0 = Release|Any CPU
		{E0F67A59-6841-4475-8533-F4534DB36ED3}.Debug|Any CPU.ActiveCfg = Debug|Any CPU
		{E0F67A59-6841-4475-8533-F4534DB36ED3}.Debug|Any CPU.Build.0 = Debug|Any CPU
		{E0F67A59-6841-4475-8533-F4534DB36ED3}.Release|Any CPU.ActiveCfg = Release|Any CPU
		{E0F67A59-6841-4475-8533-F4534DB36ED3}.Release|Any CPU.Build.0 = Release|Any CPU
		{8565B83D-02D4-4C7C-A3C0-B3106505D3DF}.Debug|Any CPU.ActiveCfg = Debug|Any CPU
		{8565B83D-02D4-4C7C-A3C0-B3106505D3DF}.Debug|Any CPU.Build.0 = Debug|Any CPU
		{8565B83D-02D4-4C7C-A3C0-B3106505D3DF}.Release|Any CPU.ActiveCfg = Release|Any CPU
		{8565B83D-02D4-4C7C-A3C0-B3106505D3DF}.Release|Any CPU.Build.0 = Release|Any CPU
		{3ADE7AA5-780B-402D-97FA-748294FCECD5}.Debug|Any CPU.ActiveCfg = Debug|Any CPU
		{3ADE7AA5-780B-402D-97FA-748294FCECD5}.Debug|Any CPU.Build.0 = Debug|Any CPU
		{3ADE7AA5-780B-402D-97FA-748294FCECD5}.Release|Any CPU.ActiveCfg = Release|Any CPU
		{3ADE7AA5-780B-402D-97FA-748294FCECD5}.Release|Any CPU.Build.0 = Release|Any CPU
	EndGlobalSection
	GlobalSection(SolutionProperties) = preSolution
		HideSolutionNode = FALSE
	EndGlobalSection
	GlobalSection(NestedProjects) = preSolution
		{C696F0C0-F104-46E5-AD41-372AF38583DE} = {E38DAFA6-5518-4E6F-8D71-F4FE07B316A9}
		{EC14EC43-0E65-4471-9490-9FA5A9613AA9} = {E38DAFA6-5518-4E6F-8D71-F4FE07B316A9}
		{E38DAFA6-5518-4E6F-8D71-F4FE07B316A9} = {A8846EDA-8588-42B6-B896-9D0C68A7ACF1}
		{AA998B8F-409A-4603-A224-3CF5C11838C1} = {A8846EDA-8588-42B6-B896-9D0C68A7ACF1}
		{E4274445-6EE1-4894-9215-F9405472CDC6} = {E38DAFA6-5518-4E6F-8D71-F4FE07B316A9}
		{861DE921-71EA-41A8-B067-E3287F0E0DE1} = {AA998B8F-409A-4603-A224-3CF5C11838C1}
		{E0F67A59-6841-4475-8533-F4534DB36ED3} = {AA998B8F-409A-4603-A224-3CF5C11838C1}
		{8565B83D-02D4-4C7C-A3C0-B3106505D3DF} = {AA998B8F-409A-4603-A224-3CF5C11838C1}
		{3ADE7AA5-780B-402D-97FA-748294FCECD5} = {AA998B8F-409A-4603-A224-3CF5C11838C1}
	EndGlobalSection
	GlobalSection(ExtensibilityGlobals) = postSolution
		SolutionGuid = {F746B863-1AE2-47F2-8B2D-30E5079486BB}
	EndGlobalSection
EndGlobal
